// !$*UTF8*$!
{
	archiveVersion = 1;
	classes = {
	};
	objectVersion = 55;
	objects = {

/* Begin PBXBuildFile section */
		5B06970D281D1A02007C50E8 /* LoginViewController.swift in Sources */ = {isa = PBXBuildFile; fileRef = 5B06970C281D1A02007C50E8 /* LoginViewController.swift */; };
		5B06970F281D1A1A007C50E8 /* Extensions.swift in Sources */ = {isa = PBXBuildFile; fileRef = 5B06970E281D1A1A007C50E8 /* Extensions.swift */; };
		5B069711281E5D4B007C50E8 /* FriendsTableViewController.swift in Sources */ = {isa = PBXBuildFile; fileRef = 5B069710281E5D4B007C50E8 /* FriendsTableViewController.swift */; };
		5B069713281E5DFE007C50E8 /* Friends.swift in Sources */ = {isa = PBXBuildFile; fileRef = 5B069712281E5DFE007C50E8 /* Friends.swift */; };
		5B069715281E60A1007C50E8 /* PropertyKeys.swift in Sources */ = {isa = PBXBuildFile; fileRef = 5B069714281E60A1007C50E8 /* PropertyKeys.swift */; };
		5B069717281E647D007C50E8 /* GroupsTableViewController.swift in Sources */ = {isa = PBXBuildFile; fileRef = 5B069716281E647D007C50E8 /* GroupsTableViewController.swift */; };
		5B06971A281FC910007C50E8 /* CollectionViewController.swift in Sources */ = {isa = PBXBuildFile; fileRef = 5B069719281FC910007C50E8 /* CollectionViewController.swift */; };
		5B06971C281FC947007C50E8 /* SearchTableViewController.swift in Sources */ = {isa = PBXBuildFile; fileRef = 5B06971B281FC947007C50E8 /* SearchTableViewController.swift */; };
		5B06973E281FE5B9007C50E8 /* Groups.swift in Sources */ = {isa = PBXBuildFile; fileRef = 5B06973D281FE5B9007C50E8 /* Groups.swift */; };
		5B06974228201CC1007C50E8 /* FriendsTableViewCell.swift in Sources */ = {isa = PBXBuildFile; fileRef = 5B06974128201CC1007C50E8 /* FriendsTableViewCell.swift */; };
		5B069744282021AF007C50E8 /* CollectionViewCell.swift in Sources */ = {isa = PBXBuildFile; fileRef = 5B069743282021AF007C50E8 /* CollectionViewCell.swift */; };
		5B0F2DF7282ECB460081E5E3 /* CanvasViewController.swift in Sources */ = {isa = PBXBuildFile; fileRef = 5B0F2DF6282ECB460081E5E3 /* CanvasViewController.swift */; };
		5B0F2DF9282ECB720081E5E3 /* DrawingControl.swift in Sources */ = {isa = PBXBuildFile; fileRef = 5B0F2DF8282ECB720081E5E3 /* DrawingControl.swift */; };
		5B0F2DFF28300FA30081E5E3 /* FriendsPhotoView.swift in Sources */ = {isa = PBXBuildFile; fileRef = 5B0F2DFE28300FA30081E5E3 /* FriendsPhotoView.swift */; };
		5B0F2E012830E19C0081E5E3 /* LikePhotoControl.swift in Sources */ = {isa = PBXBuildFile; fileRef = 5B0F2E002830E19C0081E5E3 /* LikePhotoControl.swift */; };
		5B1FA27F283145E200850327 /* NewsTableViewController.swift in Sources */ = {isa = PBXBuildFile; fileRef = 5B1FA27E283145E200850327 /* NewsTableViewController.swift */; };
		5B569A782836C02100674FBA /* GroupsAndSearchTableViewCell.swift in Sources */ = {isa = PBXBuildFile; fileRef = 5B569A762836C02100674FBA /* GroupsAndSearchTableViewCell.swift */; };
		5B569A792836C02100674FBA /* GroupsAndSearchTableViewCell.xib in Resources */ = {isa = PBXBuildFile; fileRef = 5B569A772836C02100674FBA /* GroupsAndSearchTableViewCell.xib */; };
		5B569A7D2837EBED00674FBA /* NewsAndPhotoTableViewCell.swift in Sources */ = {isa = PBXBuildFile; fileRef = 5B569A7C2837EBED00674FBA /* NewsAndPhotoTableViewCell.swift */; };
		5BACAB292833DD4300E6D845 /* News.swift in Sources */ = {isa = PBXBuildFile; fileRef = 5BACAB282833DD4300E6D845 /* News.swift */; };
		5BB709B92822F5F0006C32F1 /* SecondLoginViewController.swift in Sources */ = {isa = PBXBuildFile; fileRef = 5BB709B82822F5F0006C32F1 /* SecondLoginViewController.swift */; };
		5BB709BB28240818006C32F1 /* Logins.swift in Sources */ = {isa = PBXBuildFile; fileRef = 5BB709BA28240818006C32F1 /* Logins.swift */; };
		5BC8FBD7281A688700CC9A70 /* AppDelegate.swift in Sources */ = {isa = PBXBuildFile; fileRef = 5BC8FBD6281A688700CC9A70 /* AppDelegate.swift */; };
		5BC8FBD9281A688700CC9A70 /* SceneDelegate.swift in Sources */ = {isa = PBXBuildFile; fileRef = 5BC8FBD8281A688700CC9A70 /* SceneDelegate.swift */; };
		5BC8FBDE281A688700CC9A70 /* Main.storyboard in Resources */ = {isa = PBXBuildFile; fileRef = 5BC8FBDC281A688700CC9A70 /* Main.storyboard */; };
		5BC8FBE0281A688800CC9A70 /* Assets.xcassets in Resources */ = {isa = PBXBuildFile; fileRef = 5BC8FBDF281A688800CC9A70 /* Assets.xcassets */; };
		5BC8FBE3281A688800CC9A70 /* LaunchScreen.storyboard in Resources */ = {isa = PBXBuildFile; fileRef = 5BC8FBE1281A688800CC9A70 /* LaunchScreen.storyboard */; };
		5BC8FBEB281A68A300CC9A70 /* .gitignore in Resources */ = {isa = PBXBuildFile; fileRef = 5BC8FBEA281A68A300CC9A70 /* .gitignore */; };
/* End PBXBuildFile section */

/* Begin PBXFileReference section */
		5B06970C281D1A02007C50E8 /* LoginViewController.swift */ = {isa = PBXFileReference; lastKnownFileType = sourcecode.swift; path = LoginViewController.swift; sourceTree = "<group>"; };
		5B06970E281D1A1A007C50E8 /* Extensions.swift */ = {isa = PBXFileReference; lastKnownFileType = sourcecode.swift; path = Extensions.swift; sourceTree = "<group>"; };
		5B069710281E5D4B007C50E8 /* FriendsTableViewController.swift */ = {isa = PBXFileReference; lastKnownFileType = sourcecode.swift; path = FriendsTableViewController.swift; sourceTree = "<group>"; };
		5B069712281E5DFE007C50E8 /* Friends.swift */ = {isa = PBXFileReference; lastKnownFileType = sourcecode.swift; path = Friends.swift; sourceTree = "<group>"; };
		5B069714281E60A1007C50E8 /* PropertyKeys.swift */ = {isa = PBXFileReference; lastKnownFileType = sourcecode.swift; path = PropertyKeys.swift; sourceTree = "<group>"; };
		5B069716281E647D007C50E8 /* GroupsTableViewController.swift */ = {isa = PBXFileReference; lastKnownFileType = sourcecode.swift; path = GroupsTableViewController.swift; sourceTree = "<group>"; };
		5B069719281FC910007C50E8 /* CollectionViewController.swift */ = {isa = PBXFileReference; lastKnownFileType = sourcecode.swift; path = CollectionViewController.swift; sourceTree = "<group>"; };
		5B06971B281FC947007C50E8 /* SearchTableViewController.swift */ = {isa = PBXFileReference; lastKnownFileType = sourcecode.swift; path = SearchTableViewController.swift; sourceTree = "<group>"; };
		5B06973D281FE5B9007C50E8 /* Groups.swift */ = {isa = PBXFileReference; lastKnownFileType = sourcecode.swift; path = Groups.swift; sourceTree = "<group>"; };
		5B06974128201CC1007C50E8 /* FriendsTableViewCell.swift */ = {isa = PBXFileReference; lastKnownFileType = sourcecode.swift; path = FriendsTableViewCell.swift; sourceTree = "<group>"; };
		5B069743282021AF007C50E8 /* CollectionViewCell.swift */ = {isa = PBXFileReference; lastKnownFileType = sourcecode.swift; path = CollectionViewCell.swift; sourceTree = "<group>"; };
		5B0F2DF6282ECB460081E5E3 /* CanvasViewController.swift */ = {isa = PBXFileReference; lastKnownFileType = sourcecode.swift; path = CanvasViewController.swift; sourceTree = "<group>"; };
		5B0F2DF8282ECB720081E5E3 /* DrawingControl.swift */ = {isa = PBXFileReference; lastKnownFileType = sourcecode.swift; path = DrawingControl.swift; sourceTree = "<group>"; };
		5B0F2DFE28300FA30081E5E3 /* FriendsPhotoView.swift */ = {isa = PBXFileReference; lastKnownFileType = sourcecode.swift; path = FriendsPhotoView.swift; sourceTree = "<group>"; };
		5B0F2E002830E19C0081E5E3 /* LikePhotoControl.swift */ = {isa = PBXFileReference; lastKnownFileType = sourcecode.swift; path = LikePhotoControl.swift; sourceTree = "<group>"; };
		5B1FA27E283145E200850327 /* NewsTableViewController.swift */ = {isa = PBXFileReference; lastKnownFileType = sourcecode.swift; path = NewsTableViewController.swift; sourceTree = "<group>"; };
		5B569A762836C02100674FBA /* GroupsAndSearchTableViewCell.swift */ = {isa = PBXFileReference; lastKnownFileType = sourcecode.swift; path = GroupsAndSearchTableViewCell.swift; sourceTree = "<group>"; };
		5B569A772836C02100674FBA /* GroupsAndSearchTableViewCell.xib */ = {isa = PBXFileReference; lastKnownFileType = file.xib; path = GroupsAndSearchTableViewCell.xib; sourceTree = "<group>"; };
		5B569A7C2837EBED00674FBA /* NewsAndPhotoTableViewCell.swift */ = {isa = PBXFileReference; lastKnownFileType = sourcecode.swift; path = NewsAndPhotoTableViewCell.swift; sourceTree = "<group>"; };
		5BACAB282833DD4300E6D845 /* News.swift */ = {isa = PBXFileReference; lastKnownFileType = sourcecode.swift; path = News.swift; sourceTree = "<group>"; };
		5BB709B82822F5F0006C32F1 /* SecondLoginViewController.swift */ = {isa = PBXFileReference; lastKnownFileType = sourcecode.swift; path = SecondLoginViewController.swift; sourceTree = "<group>"; };
		5BB709BA28240818006C32F1 /* Logins.swift */ = {isa = PBXFileReference; lastKnownFileType = sourcecode.swift; path = Logins.swift; sourceTree = "<group>"; };
		5BC8FBD3281A688700CC9A70 /* sNet.app */ = {isa = PBXFileReference; explicitFileType = wrapper.application; includeInIndex = 0; path = sNet.app; sourceTree = BUILT_PRODUCTS_DIR; };
		5BC8FBD6281A688700CC9A70 /* AppDelegate.swift */ = {isa = PBXFileReference; lastKnownFileType = sourcecode.swift; path = AppDelegate.swift; sourceTree = "<group>"; };
		5BC8FBD8281A688700CC9A70 /* SceneDelegate.swift */ = {isa = PBXFileReference; lastKnownFileType = sourcecode.swift; path = SceneDelegate.swift; sourceTree = "<group>"; };
		5BC8FBDD281A688700CC9A70 /* Base */ = {isa = PBXFileReference; lastKnownFileType = file.storyboard; name = Base; path = Base.lproj/Main.storyboard; sourceTree = "<group>"; };
		5BC8FBDF281A688800CC9A70 /* Assets.xcassets */ = {isa = PBXFileReference; lastKnownFileType = folder.assetcatalog; path = Assets.xcassets; sourceTree = "<group>"; };
		5BC8FBE2281A688800CC9A70 /* Base */ = {isa = PBXFileReference; lastKnownFileType = file.storyboard; name = Base; path = Base.lproj/LaunchScreen.storyboard; sourceTree = "<group>"; };
		5BC8FBE4281A688800CC9A70 /* Info.plist */ = {isa = PBXFileReference; lastKnownFileType = text.plist.xml; path = Info.plist; sourceTree = "<group>"; };
		5BC8FBEA281A68A300CC9A70 /* .gitignore */ = {isa = PBXFileReference; lastKnownFileType = text; path = .gitignore; sourceTree = "<group>"; };
/* End PBXFileReference section */

/* Begin PBXFrameworksBuildPhase section */
		5BC8FBD0281A688700CC9A70 /* Frameworks */ = {
			isa = PBXFrameworksBuildPhase;
			buildActionMask = 2147483647;
			files = (
			);
			runOnlyForDeploymentPostprocessing = 0;
		};
/* End PBXFrameworksBuildPhase section */

/* Begin PBXGroup section */
		5B069718281FC8C9007C50E8 /* Controllers */ = {
			isa = PBXGroup;
			children = (
				5B06970C281D1A02007C50E8 /* LoginViewController.swift */,
				5BB709B82822F5F0006C32F1 /* SecondLoginViewController.swift */,
				5B069710281E5D4B007C50E8 /* FriendsTableViewController.swift */,
				5B069719281FC910007C50E8 /* CollectionViewController.swift */,
				5B069716281E647D007C50E8 /* GroupsTableViewController.swift */,
				5B06971B281FC947007C50E8 /* SearchTableViewController.swift */,
				5B1FA27E283145E200850327 /* NewsTableViewController.swift */,
				5B0F2DF6282ECB460081E5E3 /* CanvasViewController.swift */,
			);
			path = Controllers;
			sourceTree = "<group>";
		};
		5B06973F281FEFCC007C50E8 /* View */ = {
			isa = PBXGroup;
			children = (
				5BC8FBE1281A688800CC9A70 /* LaunchScreen.storyboard */,
				5BC8FBDC281A688700CC9A70 /* Main.storyboard */,
				5B06974128201CC1007C50E8 /* FriendsTableViewCell.swift */,
				5B069743282021AF007C50E8 /* CollectionViewCell.swift */,
				5B0F2DF8282ECB720081E5E3 /* DrawingControl.swift */,
				5B0F2DFE28300FA30081E5E3 /* FriendsPhotoView.swift */,
				5B0F2E002830E19C0081E5E3 /* LikePhotoControl.swift */,
				5B569A762836C02100674FBA /* GroupsAndSearchTableViewCell.swift */,
				5B569A772836C02100674FBA /* GroupsAndSearchTableViewCell.xib */,
				5B569A7C2837EBED00674FBA /* NewsAndPhotoTableViewCell.swift */,
			);
			path = View;
			sourceTree = "<group>";
		};
		5B069740281FEFDA007C50E8 /* Model */ = {
			isa = PBXGroup;
			children = (
				5B069712281E5DFE007C50E8 /* Friends.swift */,
				5B06973D281FE5B9007C50E8 /* Groups.swift */,
				5BB709BA28240818006C32F1 /* Logins.swift */,
				5BACAB282833DD4300E6D845 /* News.swift */,
			);
			path = Model;
			sourceTree = "<group>";
		};
		5BC8FBCA281A688700CC9A70 = {
			isa = PBXGroup;
			children = (
				5BC8FBEA281A68A300CC9A70 /* .gitignore */,
				5BC8FBD5281A688700CC9A70 /* sNet */,
				5BC8FBD4281A688700CC9A70 /* Products */,
			);
			sourceTree = "<group>";
		};
		5BC8FBD4281A688700CC9A70 /* Products */ = {
			isa = PBXGroup;
			children = (
				5BC8FBD3281A688700CC9A70 /* sNet.app */,
			);
			name = Products;
			sourceTree = "<group>";
		};
		5BC8FBD5281A688700CC9A70 /* sNet */ = {
			isa = PBXGroup;
			children = (
				5BC8FBD6281A688700CC9A70 /* AppDelegate.swift */,
				5BC8FBD8281A688700CC9A70 /* SceneDelegate.swift */,
				5B06970E281D1A1A007C50E8 /* Extensions.swift */,
				5B069714281E60A1007C50E8 /* PropertyKeys.swift */,
				5B069740281FEFDA007C50E8 /* Model */,
				5B06973F281FEFCC007C50E8 /* View */,
				5B069718281FC8C9007C50E8 /* Controllers */,
				5BC8FBDF281A688800CC9A70 /* Assets.xcassets */,
				5BC8FBE4281A688800CC9A70 /* Info.plist */,
			);
			path = sNet;
			sourceTree = "<group>";
		};
/* End PBXGroup section */

/* Begin PBXNativeTarget section */
		5BC8FBD2281A688700CC9A70 /* sNet */ = {
			isa = PBXNativeTarget;
			buildConfigurationList = 5BC8FBE7281A688800CC9A70 /* Build configuration list for PBXNativeTarget "sNet" */;
			buildPhases = (
				5BC8FBCF281A688700CC9A70 /* Sources */,
				5BC8FBD0281A688700CC9A70 /* Frameworks */,
				5BC8FBD1281A688700CC9A70 /* Resources */,
			);
			buildRules = (
			);
			dependencies = (
			);
			name = sNet;
			productName = sNet;
			productReference = 5BC8FBD3281A688700CC9A70 /* sNet.app */;
			productType = "com.apple.product-type.application";
		};
/* End PBXNativeTarget section */

/* Begin PBXProject section */
		5BC8FBCB281A688700CC9A70 /* Project object */ = {
			isa = PBXProject;
			attributes = {
				BuildIndependentTargetsInParallel = 1;
				LastSwiftUpdateCheck = 1330;
				LastUpgradeCheck = 1330;
				TargetAttributes = {
					5BC8FBD2281A688700CC9A70 = {
						CreatedOnToolsVersion = 13.3.1;
					};
				};
			};
			buildConfigurationList = 5BC8FBCE281A688700CC9A70 /* Build configuration list for PBXProject "sNet" */;
			compatibilityVersion = "Xcode 13.0";
			developmentRegion = en;
			hasScannedForEncodings = 0;
			knownRegions = (
				en,
				Base,
			);
			mainGroup = 5BC8FBCA281A688700CC9A70;
			productRefGroup = 5BC8FBD4281A688700CC9A70 /* Products */;
			projectDirPath = "";
			projectRoot = "";
			targets = (
				5BC8FBD2281A688700CC9A70 /* sNet */,
			);
		};
/* End PBXProject section */

/* Begin PBXResourcesBuildPhase section */
		5BC8FBD1281A688700CC9A70 /* Resources */ = {
			isa = PBXResourcesBuildPhase;
			buildActionMask = 2147483647;
			files = (
				5BC8FBEB281A68A300CC9A70 /* .gitignore in Resources */,
				5BC8FBE3281A688800CC9A70 /* LaunchScreen.storyboard in Resources */,
				5BC8FBE0281A688800CC9A70 /* Assets.xcassets in Resources */,
				5BC8FBDE281A688700CC9A70 /* Main.storyboard in Resources */,
				5B569A792836C02100674FBA /* GroupsAndSearchTableViewCell.xib in Resources */,
			);
			runOnlyForDeploymentPostprocessing = 0;
		};
/* End PBXResourcesBuildPhase section */

/* Begin PBXSourcesBuildPhase section */
		5BC8FBCF281A688700CC9A70 /* Sources */ = {
			isa = PBXSourcesBuildPhase;
			buildActionMask = 2147483647;
			files = (
				5B06971A281FC910007C50E8 /* CollectionViewController.swift in Sources */,
				5B06970D281D1A02007C50E8 /* LoginViewController.swift in Sources */,
				5B06973E281FE5B9007C50E8 /* Groups.swift in Sources */,
				5B0F2DF7282ECB460081E5E3 /* CanvasViewController.swift in Sources */,
				5B0F2DFF28300FA30081E5E3 /* FriendsPhotoView.swift in Sources */,
				5BB709BB28240818006C32F1 /* Logins.swift in Sources */,
				5B569A782836C02100674FBA /* GroupsAndSearchTableViewCell.swift in Sources */,
				5B06974228201CC1007C50E8 /* FriendsTableViewCell.swift in Sources */,
				5B569A7D2837EBED00674FBA /* NewsAndPhotoTableViewCell.swift in Sources */,
				5B0F2E012830E19C0081E5E3 /* LikePhotoControl.swift in Sources */,
				5B069717281E647D007C50E8 /* GroupsTableViewController.swift in Sources */,
				5B069713281E5DFE007C50E8 /* Friends.swift in Sources */,
				5B06970F281D1A1A007C50E8 /* Extensions.swift in Sources */,
				5BC8FBD7281A688700CC9A70 /* AppDelegate.swift in Sources */,
				5B1FA27F283145E200850327 /* NewsTableViewController.swift in Sources */,
				5B069744282021AF007C50E8 /* CollectionViewCell.swift in Sources */,
				5B069715281E60A1007C50E8 /* PropertyKeys.swift in Sources */,
				5BACAB292833DD4300E6D845 /* News.swift in Sources */,
				5B0F2DF9282ECB720081E5E3 /* DrawingControl.swift in Sources */,
				5B06971C281FC947007C50E8 /* SearchTableViewController.swift in Sources */,
				5BC8FBD9281A688700CC9A70 /* SceneDelegate.swift in Sources */,
				5BB709B92822F5F0006C32F1 /* SecondLoginViewController.swift in Sources */,
				5B069711281E5D4B007C50E8 /* FriendsTableViewController.swift in Sources */,
			);
			runOnlyForDeploymentPostprocessing = 0;
		};
/* End PBXSourcesBuildPhase section */

/* Begin PBXVariantGroup section */
		5BC8FBDC281A688700CC9A70 /* Main.storyboard */ = {
			isa = PBXVariantGroup;
			children = (
				5BC8FBDD281A688700CC9A70 /* Base */,
			);
			name = Main.storyboard;
			sourceTree = "<group>";
		};
		5BC8FBE1281A688800CC9A70 /* LaunchScreen.storyboard */ = {
			isa = PBXVariantGroup;
			children = (
				5BC8FBE2281A688800CC9A70 /* Base */,
			);
			name = LaunchScreen.storyboard;
			sourceTree = "<group>";
		};
/* End PBXVariantGroup section */

/* Begin XCBuildConfiguration section */
		5BC8FBE5281A688800CC9A70 /* Debug */ = {
			isa = XCBuildConfiguration;
			buildSettings = {
				ALWAYS_SEARCH_USER_PATHS = NO;
				CLANG_ANALYZER_NONNULL = YES;
				CLANG_ANALYZER_NUMBER_OBJECT_CONVERSION = YES_AGGRESSIVE;
				CLANG_CXX_LANGUAGE_STANDARD = "gnu++17";
				CLANG_ENABLE_MODULES = YES;
				CLANG_ENABLE_OBJC_ARC = YES;
				CLANG_ENABLE_OBJC_WEAK = YES;
				CLANG_WARN_BLOCK_CAPTURE_AUTORELEASING = YES;
				CLANG_WARN_BOOL_CONVERSION = YES;
				CLANG_WARN_COMMA = YES;
				CLANG_WARN_CONSTANT_CONVERSION = YES;
				CLANG_WARN_DEPRECATED_OBJC_IMPLEMENTATIONS = YES;
				CLANG_WARN_DIRECT_OBJC_ISA_USAGE = YES_ERROR;
				CLANG_WARN_DOCUMENTATION_COMMENTS = YES;
				CLANG_WARN_EMPTY_BODY = YES;
				CLANG_WARN_ENUM_CONVERSION = YES;
				CLANG_WARN_INFINITE_RECURSION = YES;
				CLANG_WARN_INT_CONVERSION = YES;
				CLANG_WARN_NON_LITERAL_NULL_CONVERSION = YES;
				CLANG_WARN_OBJC_IMPLICIT_RETAIN_SELF = YES;
				CLANG_WARN_OBJC_LITERAL_CONVERSION = YES;
				CLANG_WARN_OBJC_ROOT_CLASS = YES_ERROR;
				CLANG_WARN_QUOTED_INCLUDE_IN_FRAMEWORK_HEADER = YES;
				CLANG_WARN_RANGE_LOOP_ANALYSIS = YES;
				CLANG_WARN_STRICT_PROTOTYPES = YES;
				CLANG_WARN_SUSPICIOUS_MOVE = YES;
				CLANG_WARN_UNGUARDED_AVAILABILITY = YES_AGGRESSIVE;
				CLANG_WARN_UNREACHABLE_CODE = YES;
				CLANG_WARN__DUPLICATE_METHOD_MATCH = YES;
				COPY_PHASE_STRIP = NO;
				DEBUG_INFORMATION_FORMAT = dwarf;
				ENABLE_STRICT_OBJC_MSGSEND = YES;
				ENABLE_TESTABILITY = YES;
				GCC_C_LANGUAGE_STANDARD = gnu11;
				GCC_DYNAMIC_NO_PIC = NO;
				GCC_NO_COMMON_BLOCKS = YES;
				GCC_OPTIMIZATION_LEVEL = 0;
				GCC_PREPROCESSOR_DEFINITIONS = (
					"DEBUG=1",
					"$(inherited)",
				);
				GCC_WARN_64_TO_32_BIT_CONVERSION = YES;
				GCC_WARN_ABOUT_RETURN_TYPE = YES_ERROR;
				GCC_WARN_UNDECLARED_SELECTOR = YES;
				GCC_WARN_UNINITIALIZED_AUTOS = YES_AGGRESSIVE;
				GCC_WARN_UNUSED_FUNCTION = YES;
				GCC_WARN_UNUSED_VARIABLE = YES;
				IPHONEOS_DEPLOYMENT_TARGET = 15.4;
				MTL_ENABLE_DEBUG_INFO = INCLUDE_SOURCE;
				MTL_FAST_MATH = YES;
				ONLY_ACTIVE_ARCH = YES;
				SDKROOT = iphoneos;
				SWIFT_ACTIVE_COMPILATION_CONDITIONS = DEBUG;
				SWIFT_OPTIMIZATION_LEVEL = "-Onone";
			};
			name = Debug;
		};
		5BC8FBE6281A688800CC9A70 /* Release */ = {
			isa = XCBuildConfiguration;
			buildSettings = {
				ALWAYS_SEARCH_USER_PATHS = NO;
				CLANG_ANALYZER_NONNULL = YES;
				CLANG_ANALYZER_NUMBER_OBJECT_CONVERSION = YES_AGGRESSIVE;
				CLANG_CXX_LANGUAGE_STANDARD = "gnu++17";
				CLANG_ENABLE_MODULES = YES;
				CLANG_ENABLE_OBJC_ARC = YES;
				CLANG_ENABLE_OBJC_WEAK = YES;
				CLANG_WARN_BLOCK_CAPTURE_AUTORELEASING = YES;
				CLANG_WARN_BOOL_CONVERSION = YES;
				CLANG_WARN_COMMA = YES;
				CLANG_WARN_CONSTANT_CONVERSION = YES;
				CLANG_WARN_DEPRECATED_OBJC_IMPLEMENTATIONS = YES;
				CLANG_WARN_DIRECT_OBJC_ISA_USAGE = YES_ERROR;
				CLANG_WARN_DOCUMENTATION_COMMENTS = YES;
				CLANG_WARN_EMPTY_BODY = YES;
				CLANG_WARN_ENUM_CONVERSION = YES;
				CLANG_WARN_INFINITE_RECURSION = YES;
				CLANG_WARN_INT_CONVERSION = YES;
				CLANG_WARN_NON_LITERAL_NULL_CONVERSION = YES;
				CLANG_WARN_OBJC_IMPLICIT_RETAIN_SELF = YES;
				CLANG_WARN_OBJC_LITERAL_CONVERSION = YES;
				CLANG_WARN_OBJC_ROOT_CLASS = YES_ERROR;
				CLANG_WARN_QUOTED_INCLUDE_IN_FRAMEWORK_HEADER = YES;
				CLANG_WARN_RANGE_LOOP_ANALYSIS = YES;
				CLANG_WARN_STRICT_PROTOTYPES = YES;
				CLANG_WARN_SUSPICIOUS_MOVE = YES;
				CLANG_WARN_UNGUARDED_AVAILABILITY = YES_AGGRESSIVE;
				CLANG_WARN_UNREACHABLE_CODE = YES;
				CLANG_WARN__DUPLICATE_METHOD_MATCH = YES;
				COPY_PHASE_STRIP = NO;
				DEBUG_INFORMATION_FORMAT = "dwarf-with-dsym";
				ENABLE_NS_ASSERTIONS = NO;
				ENABLE_STRICT_OBJC_MSGSEND = YES;
				GCC_C_LANGUAGE_STANDARD = gnu11;
				GCC_NO_COMMON_BLOCKS = YES;
				GCC_WARN_64_TO_32_BIT_CONVERSION = YES;
				GCC_WARN_ABOUT_RETURN_TYPE = YES_ERROR;
				GCC_WARN_UNDECLARED_SELECTOR = YES;
				GCC_WARN_UNINITIALIZED_AUTOS = YES_AGGRESSIVE;
				GCC_WARN_UNUSED_FUNCTION = YES;
				GCC_WARN_UNUSED_VARIABLE = YES;
				IPHONEOS_DEPLOYMENT_TARGET = 15.4;
				MTL_ENABLE_DEBUG_INFO = NO;
				MTL_FAST_MATH = YES;
				SDKROOT = iphoneos;
				SWIFT_COMPILATION_MODE = wholemodule;
				SWIFT_OPTIMIZATION_LEVEL = "-O";
				VALIDATE_PRODUCT = YES;
			};
			name = Release;
		};
		5BC8FBE8281A688800CC9A70 /* Debug */ = {
			isa = XCBuildConfiguration;
			buildSettings = {
				ASSETCATALOG_COMPILER_APPICON_NAME = AppIcon;
				ASSETCATALOG_COMPILER_GLOBAL_ACCENT_COLOR_NAME = AccentColor;
				CODE_SIGN_STYLE = Automatic;
				CURRENT_PROJECT_VERSION = 1;
				DEVELOPMENT_TEAM = 4Z6GQTMC99;
				GENERATE_INFOPLIST_FILE = YES;
				INFOPLIST_FILE = sNet/Info.plist;
				INFOPLIST_KEY_UIApplicationSupportsIndirectInputEvents = YES;
				INFOPLIST_KEY_UILaunchStoryboardName = LaunchScreen;
				INFOPLIST_KEY_UIMainStoryboardFile = Main;
				INFOPLIST_KEY_UISupportedInterfaceOrientations_iPad = "UIInterfaceOrientationPortrait UIInterfaceOrientationPortraitUpsideDown UIInterfaceOrientationLandscapeLeft UIInterfaceOrientationLandscapeRight";
				INFOPLIST_KEY_UISupportedInterfaceOrientations_iPhone = "UIInterfaceOrientationPortrait UIInterfaceOrientationLandscapeLeft UIInterfaceOrientationLandscapeRight";
				LD_RUNPATH_SEARCH_PATHS = (
					"$(inherited)",
					"@executable_path/Frameworks",
				);
				MARKETING_VERSION = 1.0;
				PRODUCT_BUNDLE_IDENTIFIER = com.grinevich.sNet;
				PRODUCT_NAME = "$(TARGET_NAME)";
				SWIFT_EMIT_LOC_STRINGS = YES;
				SWIFT_VERSION = 5.0;
				TARGETED_DEVICE_FAMILY = "1,2";
			};
			name = Debug;
		};
		5BC8FBE9281A688800CC9A70 /* Release */ = {
			isa = XCBuildConfiguration;
			buildSettings = {
				ASSETCATALOG_COMPILER_APPICON_NAME = AppIcon;
				ASSETCATALOG_COMPILER_GLOBAL_ACCENT_COLOR_NAME = AccentColor;
				CODE_SIGN_STYLE = Automatic;
				CURRENT_PROJECT_VERSION = 1;
				DEVELOPMENT_TEAM = 4Z6GQTMC99;
				GENERATE_INFOPLIST_FILE = YES;
				INFOPLIST_FILE = sNet/Info.plist;
				INFOPLIST_KEY_UIApplicationSupportsIndirectInputEvents = YES;
				INFOPLIST_KEY_UILaunchStoryboardName = LaunchScreen;
				INFOPLIST_KEY_UIMainStoryboardFile = Main;
				INFOPLIST_KEY_UISupportedInterfaceOrientations_iPad = "UIInterfaceOrientationPortrait UIInterfaceOrientationPortraitUpsideDown UIInterfaceOrientationLandscapeLeft UIInterfaceOrientationLandscapeRight";
				INFOPLIST_KEY_UISupportedInterfaceOrientations_iPhone = "UIInterfaceOrientationPortrait UIInterfaceOrientationLandscapeLeft UIInterfaceOrientationLandscapeRight";
				LD_RUNPATH_SEARCH_PATHS = (
					"$(inherited)",
					"@executable_path/Frameworks",
				);
				MARKETING_VERSION = 1.0;
				PRODUCT_BUNDLE_IDENTIFIER = com.grinevich.sNet;
				PRODUCT_NAME = "$(TARGET_NAME)";
				SWIFT_EMIT_LOC_STRINGS = YES;
				SWIFT_VERSION = 5.0;
				TARGETED_DEVICE_FAMILY = "1,2";
			};
			name = Release;
		};
/* End XCBuildConfiguration section */

/* Begin XCConfigurationList section */
		5BC8FBCE281A688700CC9A70 /* Build configuration list for PBXProject "sNet" */ = {
			isa = XCConfigurationList;
			buildConfigurations = (
				5BC8FBE5281A688800CC9A70 /* Debug */,
				5BC8FBE6281A688800CC9A70 /* Release */,
			);
			defaultConfigurationIsVisible = 0;
			defaultConfigurationName = Release;
		};
		5BC8FBE7281A688800CC9A70 /* Build configuration list for PBXNativeTarget "sNet" */ = {
			isa = XCConfigurationList;
			buildConfigurations = (
				5BC8FBE8281A688800CC9A70 /* Debug */,
				5BC8FBE9281A688800CC9A70 /* Release */,
			);
			defaultConfigurationIsVisible = 0;
			defaultConfigurationName = Release;
		};
/* End XCConfigurationList section */
	};
	rootObject = 5BC8FBCB281A688700CC9A70 /* Project object */;
}
